
Microsoft Visual Studio Solution File, Format Version 12.00
Project("{FAE04EC0-301F-11D3-BF4B-00C04F79EFBC}") = "NoParamlessCtor", "NoParamlessCtor\NoParamlessCtor.csproj", "{E43E4DF1-FD52-4A15-8A81-F262A78BDDB2}"
EndProject
Project("{FAE04EC0-301F-11D3-BF4B-00C04F79EFBC}") = "Scratchpad", "Scratchpad\Scratchpad.csproj", "{02D7C286-712F-4F29-A779-252BE0A26A6D}"
EndProject
Project("{FAE04EC0-301F-11D3-BF4B-00C04F79EFBC}") = "NoParamlessCtor.SourceGenerator", "NoParamlessCtor.SourceGenerator\NoParamlessCtor.SourceGenerator.csproj", "{95FAF29C-48BF-45E8-AE2B-F30597E5C647}"
EndProject
Global
	GlobalSection(SolutionConfigurationPlatforms) = preSolution
		Debug|Any CPU = Debug|Any CPU
		Release|Any CPU = Release|Any CPU
	EndGlobalSection
	GlobalSection(ProjectConfigurationPlatforms) = postSolution
		{E43E4DF1-FD52-4A15-8A81-F262A78BDDB2}.Debug|Any CPU.ActiveCfg = Debug|Any CPU
		{E43E4DF1-FD52-4A15-8A81-F262A78BDDB2}.Debug|Any CPU.Build.0 = Debug|Any CPU
		{E43E4DF1-FD52-4A15-8A81-F262A78BDDB2}.Release|Any CPU.ActiveCfg = Release|Any CPU
		{E43E4DF1-FD52-4A15-8A81-F262A78BDDB2}.Release|Any CPU.Build.0 = Release|Any CPU
		{02D7C286-712F-4F29-A779-252BE0A26A6D}.Debug|Any CPU.ActiveCfg = Debug|Any CPU
		{02D7C286-712F-4F29-A779-252BE0A26A6D}.Debug|Any CPU.Build.0 = Debug|Any CPU
		{02D7C286-712F-4F29-A779-252BE0A26A6D}.Release|Any CPU.ActiveCfg = Release|Any CPU
		{02D7C286-712F-4F29-A779-252BE0A26A6D}.Release|Any CPU.Build.0 = Release|Any CPU
		{95FAF29C-48BF-45E8-AE2B-F30597E5C647}.Debug|Any CPU.ActiveCfg = Debug|Any CPU
		{95FAF29C-48BF-45E8-AE2B-F30597E5C647}.Debug|Any CPU.Build.0 = Debug|Any CPU
		{95FAF29C-48BF-45E8-AE2B-F30597E5C647}.Release|Any CPU.ActiveCfg = Release|Any CPU
		{95FAF29C-48BF-45E8-AE2B-F30597E5C647}.Release|Any CPU.Build.0 = Release|Any CPU
	EndGlobalSection
EndGlobal
